
Microsoft Visual Studio Solution File, Format Version 12.00
# Visual Studio Version 17
VisualStudioVersion = 17.8.34330.188
MinimumVisualStudioVersion = 10.0.40219.1
Project("{FAE04EC0-301F-11D3-BF4B-00C04F79EFBC}") = "LoginGabriel", "LoginGabriel\LoginGabriel.csproj", "{E0A8A413-858C-417D-AAF8-A12FFE723390}"
EndProject
Global
	GlobalSection(SolutionConfigurationPlatforms) = preSolution
		Debug|Any CPU = Debug|Any CPU
		Release|Any CPU = Release|Any CPU
	EndGlobalSection
	GlobalSection(ProjectConfigurationPlatforms) = postSolution
		{E0A8A413-858C-417D-AAF8-A12FFE723390}.Debug|Any CPU.ActiveCfg = Debug|Any CPU
		{E0A8A413-858C-417D-AAF8-A12FFE723390}.Debug|Any CPU.Build.0 = Debug|Any CPU
		{E0A8A413-858C-417D-AAF8-A12FFE723390}.Release|Any CPU.ActiveCfg = Release|Any CPU
		{E0A8A413-858C-417D-AAF8-A12FFE723390}.Release|Any CPU.Build.0 = Release|Any CPU
	EndGlobalSection
	GlobalSection(SolutionProperties) = preSolution
		HideSolutionNode = FALSE
	EndGlobalSection
	GlobalSection(ExtensibilityGlobals) = postSolution
		SolutionGuid = {EAADA27F-C942-4870-92E7-FD655D3B8109}
	EndGlobalSection
EndGlobal
